// !$*UTF8*$!
{
	archiveVersion = 1;
	classes = {
	};
	objectVersion = 50;
	objects = {

/* Begin PBXBuildFile section */
		D86919AD25B353FA00BF325E /* Place.swift in Sources */ = {isa = PBXBuildFile; fileRef = D86919AC25B353FA00BF325E /* Place.swift */; };
		D86919B325B35FA900BF325E /* CustomImageView.swift in Sources */ = {isa = PBXBuildFile; fileRef = D86919B225B35FA900BF325E /* CustomImageView.swift */; };
		D86919BC25B3642800BF325E /* CustomTitleLabel.swift in Sources */ = {isa = PBXBuildFile; fileRef = D86919BB25B3642800BF325E /* CustomTitleLabel.swift */; };
		D86919C425B3697200BF325E /* CustomBodyTitleLabel.swift in Sources */ = {isa = PBXBuildFile; fileRef = D86919C325B3697200BF325E /* CustomBodyTitleLabel.swift */; };
		D86919C925B36A9B00BF325E /* CustomSecondaryLabel.swift in Sources */ = {isa = PBXBuildFile; fileRef = D86919C825B36A9B00BF325E /* CustomSecondaryLabel.swift */; };
		D8C2B14F25B59A4C00BBFD39 /* AddNewPlaceVC.swift in Sources */ = {isa = PBXBuildFile; fileRef = D8C2B14E25B59A4C00BBFD39 /* AddNewPlaceVC.swift */; };
		D8C2B15425B5BF9800BBFD39 /* HeaderLabel.swift in Sources */ = {isa = PBXBuildFile; fileRef = D8C2B15325B5BF9800BBFD39 /* HeaderLabel.swift */; };
		D8C2B15925B5C0F200BBFD39 /* SettingsCell.swift in Sources */ = {isa = PBXBuildFile; fileRef = D8C2B15825B5C0F200BBFD39 /* SettingsCell.swift */; };
		D8C2B16625B5D36400BBFD39 /* AddPlaceController.swift in Sources */ = {isa = PBXBuildFile; fileRef = D8C2B16525B5D36400BBFD39 /* AddPlaceController.swift */; };
		D8EB084525B30E6100F906D1 /* AppDelegate.swift in Sources */ = {isa = PBXBuildFile; fileRef = D8EB084425B30E6100F906D1 /* AppDelegate.swift */; };
		D8EB084725B30E6100F906D1 /* SceneDelegate.swift in Sources */ = {isa = PBXBuildFile; fileRef = D8EB084625B30E6100F906D1 /* SceneDelegate.swift */; };
		D8EB084E25B30E6600F906D1 /* Assets.xcassets in Resources */ = {isa = PBXBuildFile; fileRef = D8EB084D25B30E6600F906D1 /* Assets.xcassets */; };
		D8EB085125B30E6600F906D1 /* LaunchScreen.storyboard in Resources */ = {isa = PBXBuildFile; fileRef = D8EB084F25B30E6600F906D1 /* LaunchScreen.storyboard */; };
		D8EB085C25B30E6600F906D1 /* GoodPlacesTests.swift in Sources */ = {isa = PBXBuildFile; fileRef = D8EB085B25B30E6600F906D1 /* GoodPlacesTests.swift */; };
		D8EB086725B30E6700F906D1 /* GoodPlacesUITests.swift in Sources */ = {isa = PBXBuildFile; fileRef = D8EB086625B30E6700F906D1 /* GoodPlacesUITests.swift */; };
		D8EB087F25B3115B00F906D1 /* MainVC.swift in Sources */ = {isa = PBXBuildFile; fileRef = D8EB087E25B3115B00F906D1 /* MainVC.swift */; };
		D8EB088B25B3137C00F906D1 /* GoodPlaceCell.swift in Sources */ = {isa = PBXBuildFile; fileRef = D8EB088A25B3137C00F906D1 /* GoodPlaceCell.swift */; };
		D8EB089425B3181C00F906D1 /* AutoLayout.swift in Sources */ = {isa = PBXBuildFile; fileRef = D8EB089325B3181C00F906D1 /* AutoLayout.swift */; };
/* End PBXBuildFile section */

/* Begin PBXContainerItemProxy section */
		D8EB085825B30E6600F906D1 /* PBXContainerItemProxy */ = {
			isa = PBXContainerItemProxy;
			containerPortal = D8EB083925B30E6100F906D1 /* Project object */;
			proxyType = 1;
			remoteGlobalIDString = D8EB084025B30E6100F906D1;
			remoteInfo = GoodPlaces;
		};
		D8EB086325B30E6700F906D1 /* PBXContainerItemProxy */ = {
			isa = PBXContainerItemProxy;
			containerPortal = D8EB083925B30E6100F906D1 /* Project object */;
			proxyType = 1;
			remoteGlobalIDString = D8EB084025B30E6100F906D1;
			remoteInfo = GoodPlaces;
		};
/* End PBXContainerItemProxy section */

/* Begin PBXFileReference section */
		D86919AC25B353FA00BF325E /* Place.swift */ = {isa = PBXFileReference; lastKnownFileType = sourcecode.swift; path = Place.swift; sourceTree = "<group>"; };
		D86919B225B35FA900BF325E /* CustomImageView.swift */ = {isa = PBXFileReference; lastKnownFileType = sourcecode.swift; path = CustomImageView.swift; sourceTree = "<group>"; };
		D86919BB25B3642800BF325E /* CustomTitleLabel.swift */ = {isa = PBXFileReference; lastKnownFileType = sourcecode.swift; path = CustomTitleLabel.swift; sourceTree = "<group>"; };
		D86919C325B3697200BF325E /* CustomBodyTitleLabel.swift */ = {isa = PBXFileReference; lastKnownFileType = sourcecode.swift; path = CustomBodyTitleLabel.swift; sourceTree = "<group>"; };
		D86919C825B36A9B00BF325E /* CustomSecondaryLabel.swift */ = {isa = PBXFileReference; lastKnownFileType = sourcecode.swift; path = CustomSecondaryLabel.swift; sourceTree = "<group>"; };
		D8C2B14E25B59A4C00BBFD39 /* AddNewPlaceVC.swift */ = {isa = PBXFileReference; lastKnownFileType = sourcecode.swift; path = AddNewPlaceVC.swift; sourceTree = "<group>"; };
		D8C2B15325B5BF9800BBFD39 /* HeaderLabel.swift */ = {isa = PBXFileReference; lastKnownFileType = sourcecode.swift; path = HeaderLabel.swift; sourceTree = "<group>"; };
		D8C2B15825B5C0F200BBFD39 /* SettingsCell.swift */ = {isa = PBXFileReference; lastKnownFileType = sourcecode.swift; path = SettingsCell.swift; sourceTree = "<group>"; };
		D8C2B16525B5D36400BBFD39 /* AddPlaceController.swift */ = {isa = PBXFileReference; lastKnownFileType = sourcecode.swift; path = AddPlaceController.swift; sourceTree = "<group>"; };
		D8EB084125B30E6100F906D1 /* GoodPlaces.app */ = {isa = PBXFileReference; explicitFileType = wrapper.application; includeInIndex = 0; path = GoodPlaces.app; sourceTree = BUILT_PRODUCTS_DIR; };
		D8EB084425B30E6100F906D1 /* AppDelegate.swift */ = {isa = PBXFileReference; lastKnownFileType = sourcecode.swift; path = AppDelegate.swift; sourceTree = "<group>"; };
		D8EB084625B30E6100F906D1 /* SceneDelegate.swift */ = {isa = PBXFileReference; lastKnownFileType = sourcecode.swift; path = SceneDelegate.swift; sourceTree = "<group>"; };
		D8EB084D25B30E6600F906D1 /* Assets.xcassets */ = {isa = PBXFileReference; lastKnownFileType = folder.assetcatalog; path = Assets.xcassets; sourceTree = "<group>"; };
		D8EB085025B30E6600F906D1 /* Base */ = {isa = PBXFileReference; lastKnownFileType = file.storyboard; name = Base; path = Base.lproj/LaunchScreen.storyboard; sourceTree = "<group>"; };
		D8EB085225B30E6600F906D1 /* Info.plist */ = {isa = PBXFileReference; lastKnownFileType = text.plist.xml; path = Info.plist; sourceTree = "<group>"; };
		D8EB085725B30E6600F906D1 /* GoodPlacesTests.xctest */ = {isa = PBXFileReference; explicitFileType = wrapper.cfbundle; includeInIndex = 0; path = GoodPlacesTests.xctest; sourceTree = BUILT_PRODUCTS_DIR; };
		D8EB085B25B30E6600F906D1 /* GoodPlacesTests.swift */ = {isa = PBXFileReference; lastKnownFileType = sourcecode.swift; path = GoodPlacesTests.swift; sourceTree = "<group>"; };
		D8EB085D25B30E6600F906D1 /* Info.plist */ = {isa = PBXFileReference; lastKnownFileType = text.plist.xml; path = Info.plist; sourceTree = "<group>"; };
		D8EB086225B30E6600F906D1 /* GoodPlacesUITests.xctest */ = {isa = PBXFileReference; explicitFileType = wrapper.cfbundle; includeInIndex = 0; path = GoodPlacesUITests.xctest; sourceTree = BUILT_PRODUCTS_DIR; };
		D8EB086625B30E6700F906D1 /* GoodPlacesUITests.swift */ = {isa = PBXFileReference; lastKnownFileType = sourcecode.swift; path = GoodPlacesUITests.swift; sourceTree = "<group>"; };
		D8EB086825B30E6700F906D1 /* Info.plist */ = {isa = PBXFileReference; lastKnownFileType = text.plist.xml; path = Info.plist; sourceTree = "<group>"; };
		D8EB087E25B3115B00F906D1 /* MainVC.swift */ = {isa = PBXFileReference; lastKnownFileType = sourcecode.swift; path = MainVC.swift; sourceTree = "<group>"; };
		D8EB088A25B3137C00F906D1 /* GoodPlaceCell.swift */ = {isa = PBXFileReference; lastKnownFileType = sourcecode.swift; path = GoodPlaceCell.swift; sourceTree = "<group>"; };
		D8EB089325B3181C00F906D1 /* AutoLayout.swift */ = {isa = PBXFileReference; lastKnownFileType = sourcecode.swift; path = AutoLayout.swift; sourceTree = "<group>"; };
/* End PBXFileReference section */

/* Begin PBXFrameworksBuildPhase section */
		D8EB083E25B30E6100F906D1 /* Frameworks */ = {
			isa = PBXFrameworksBuildPhase;
			buildActionMask = 2147483647;
			files = (
			);
			runOnlyForDeploymentPostprocessing = 0;
		};
		D8EB085425B30E6600F906D1 /* Frameworks */ = {
			isa = PBXFrameworksBuildPhase;
			buildActionMask = 2147483647;
			files = (
			);
			runOnlyForDeploymentPostprocessing = 0;
		};
		D8EB085F25B30E6600F906D1 /* Frameworks */ = {
			isa = PBXFrameworksBuildPhase;
			buildActionMask = 2147483647;
			files = (
			);
			runOnlyForDeploymentPostprocessing = 0;
		};
/* End PBXFrameworksBuildPhase section */

/* Begin PBXGroup section */
		D86919AB25B3539700BF325E /* Model */ = {
			isa = PBXGroup;
			children = (
				D86919AC25B353FA00BF325E /* Place.swift */,
			);
			path = Model;
			sourceTree = "<group>";
		};
		D86919B125B35F8700BF325E /* View */ = {
			isa = PBXGroup;
			children = (
				D86919B225B35FA900BF325E /* CustomImageView.swift */,
			);
			path = View;
			sourceTree = "<group>";
		};
		D86919BA25B3640D00BF325E /* Labels */ = {
			isa = PBXGroup;
			children = (
				D86919BB25B3642800BF325E /* CustomTitleLabel.swift */,
				D86919C325B3697200BF325E /* CustomBodyTitleLabel.swift */,
				D86919C825B36A9B00BF325E /* CustomSecondaryLabel.swift */,
				D8C2B15325B5BF9800BBFD39 /* HeaderLabel.swift */,
			);
			path = Labels;
			sourceTree = "<group>";
		};
		D8EB083825B30E6100F906D1 = {
			isa = PBXGroup;
			children = (
				D8EB084325B30E6100F906D1 /* GoodPlaces */,
				D8EB085A25B30E6600F906D1 /* GoodPlacesTests */,
				D8EB086525B30E6700F906D1 /* GoodPlacesUITests */,
				D8EB084225B30E6100F906D1 /* Products */,
			);
			sourceTree = "<group>";
		};
		D8EB084225B30E6100F906D1 /* Products */ = {
			isa = PBXGroup;
			children = (
				D8EB084125B30E6100F906D1 /* GoodPlaces.app */,
				D8EB085725B30E6600F906D1 /* GoodPlacesTests.xctest */,
				D8EB086225B30E6600F906D1 /* GoodPlacesUITests.xctest */,
			);
			name = Products;
			sourceTree = "<group>";
		};
		D8EB084325B30E6100F906D1 /* GoodPlaces */ = {
			isa = PBXGroup;
			children = (
				D86919BA25B3640D00BF325E /* Labels */,
				D86919B125B35F8700BF325E /* View */,
				D86919AB25B3539700BF325E /* Model */,
				D8EB089225B317FA00F906D1 /* Utils */,
				D8EB088925B3133A00F906D1 /* Cells */,
				D8EB087D25B3113800F906D1 /* Controllers */,
				D8EB089B25B31A1500F906D1 /* Support */,
				D8EB084D25B30E6600F906D1 /* Assets.xcassets */,
				D8EB084625B30E6100F906D1 /* SceneDelegate.swift */,
				D8EB084425B30E6100F906D1 /* AppDelegate.swift */,
				D8EB084F25B30E6600F906D1 /* LaunchScreen.storyboard */,
				D8EB085225B30E6600F906D1 /* Info.plist */,
			);
			path = GoodPlaces;
			sourceTree = "<group>";
		};
		D8EB085A25B30E6600F906D1 /* GoodPlacesTests */ = {
			isa = PBXGroup;
			children = (
				D8EB085B25B30E6600F906D1 /* GoodPlacesTests.swift */,
				D8EB085D25B30E6600F906D1 /* Info.plist */,
			);
			path = GoodPlacesTests;
			sourceTree = "<group>";
		};
		D8EB086525B30E6700F906D1 /* GoodPlacesUITests */ = {
			isa = PBXGroup;
			children = (
				D8EB086625B30E6700F906D1 /* GoodPlacesUITests.swift */,
				D8EB086825B30E6700F906D1 /* Info.plist */,
			);
			path = GoodPlacesUITests;
			sourceTree = "<group>";
		};
		D8EB087D25B3113800F906D1 /* Controllers */ = {
			isa = PBXGroup;
			children = (
				D8EB087E25B3115B00F906D1 /* MainVC.swift */,
				D8C2B14E25B59A4C00BBFD39 /* AddNewPlaceVC.swift */,
				D8C2B16525B5D36400BBFD39 /* AddPlaceController.swift */,
			);
			path = Controllers;
			sourceTree = "<group>";
		};
		D8EB088925B3133A00F906D1 /* Cells */ = {
			isa = PBXGroup;
			children = (
				D8EB088A25B3137C00F906D1 /* GoodPlaceCell.swift */,
				D8C2B15825B5C0F200BBFD39 /* SettingsCell.swift */,
			);
			path = Cells;
			sourceTree = "<group>";
		};
		D8EB089225B317FA00F906D1 /* Utils */ = {
			isa = PBXGroup;
			children = (
				D8EB089325B3181C00F906D1 /* AutoLayout.swift */,
			);
			path = Utils;
			sourceTree = "<group>";
		};
		D8EB089B25B31A1500F906D1 /* Support */ = {
			isa = PBXGroup;
			children = (
			);
			path = Support;
			sourceTree = "<group>";
		};
/* End PBXGroup section */

/* Begin PBXNativeTarget section */
		D8EB084025B30E6100F906D1 /* GoodPlaces */ = {
			isa = PBXNativeTarget;
			buildConfigurationList = D8EB086B25B30E6700F906D1 /* Build configuration list for PBXNativeTarget "GoodPlaces" */;
			buildPhases = (
				D8EB083D25B30E6100F906D1 /* Sources */,
				D8EB083E25B30E6100F906D1 /* Frameworks */,
				D8EB083F25B30E6100F906D1 /* Resources */,
			);
			buildRules = (
			);
			dependencies = (
			);
			name = GoodPlaces;
			productName = GoodPlaces;
			productReference = D8EB084125B30E6100F906D1 /* GoodPlaces.app */;
			productType = "com.apple.product-type.application";
		};
		D8EB085625B30E6600F906D1 /* GoodPlacesTests */ = {
			isa = PBXNativeTarget;
			buildConfigurationList = D8EB086E25B30E6700F906D1 /* Build configuration list for PBXNativeTarget "GoodPlacesTests" */;
			buildPhases = (
				D8EB085325B30E6600F906D1 /* Sources */,
				D8EB085425B30E6600F906D1 /* Frameworks */,
				D8EB085525B30E6600F906D1 /* Resources */,
			);
			buildRules = (
			);
			dependencies = (
				D8EB085925B30E6600F906D1 /* PBXTargetDependency */,
			);
			name = GoodPlacesTests;
			productName = GoodPlacesTests;
			productReference = D8EB085725B30E6600F906D1 /* GoodPlacesTests.xctest */;
			productType = "com.apple.product-type.bundle.unit-test";
		};
		D8EB086125B30E6600F906D1 /* GoodPlacesUITests */ = {
			isa = PBXNativeTarget;
			buildConfigurationList = D8EB087125B30E6700F906D1 /* Build configuration list for PBXNativeTarget "GoodPlacesUITests" */;
			buildPhases = (
				D8EB085E25B30E6600F906D1 /* Sources */,
				D8EB085F25B30E6600F906D1 /* Frameworks */,
				D8EB086025B30E6600F906D1 /* Resources */,
			);
			buildRules = (
			);
			dependencies = (
				D8EB086425B30E6700F906D1 /* PBXTargetDependency */,
			);
			name = GoodPlacesUITests;
			productName = GoodPlacesUITests;
			productReference = D8EB086225B30E6600F906D1 /* GoodPlacesUITests.xctest */;
			productType = "com.apple.product-type.bundle.ui-testing";
		};
/* End PBXNativeTarget section */

/* Begin PBXProject section */
		D8EB083925B30E6100F906D1 /* Project object */ = {
			isa = PBXProject;
			attributes = {
				LastSwiftUpdateCheck = 1200;
				LastUpgradeCheck = 1200;
				TargetAttributes = {
					D8EB084025B30E6100F906D1 = {
						CreatedOnToolsVersion = 12.0.1;
					};
					D8EB085625B30E6600F906D1 = {
						CreatedOnToolsVersion = 12.0.1;
						TestTargetID = D8EB084025B30E6100F906D1;
					};
					D8EB086125B30E6600F906D1 = {
						CreatedOnToolsVersion = 12.0.1;
						TestTargetID = D8EB084025B30E6100F906D1;
					};
				};
			};
			buildConfigurationList = D8EB083C25B30E6100F906D1 /* Build configuration list for PBXProject "GoodPlaces" */;
			compatibilityVersion = "Xcode 9.3";
			developmentRegion = en;
			hasScannedForEncodings = 0;
			knownRegions = (
				en,
				Base,
			);
			mainGroup = D8EB083825B30E6100F906D1;
			productRefGroup = D8EB084225B30E6100F906D1 /* Products */;
			projectDirPath = "";
			projectRoot = "";
			targets = (
				D8EB084025B30E6100F906D1 /* GoodPlaces */,
				D8EB085625B30E6600F906D1 /* GoodPlacesTests */,
				D8EB086125B30E6600F906D1 /* GoodPlacesUITests */,
			);
		};
/* End PBXProject section */

/* Begin PBXResourcesBuildPhase section */
		D8EB083F25B30E6100F906D1 /* Resources */ = {
			isa = PBXResourcesBuildPhase;
			buildActionMask = 2147483647;
			files = (
				D8EB085125B30E6600F906D1 /* LaunchScreen.storyboard in Resources */,
				D8EB084E25B30E6600F906D1 /* Assets.xcassets in Resources */,
			);
			runOnlyForDeploymentPostprocessing = 0;
		};
		D8EB085525B30E6600F906D1 /* Resources */ = {
			isa = PBXResourcesBuildPhase;
			buildActionMask = 2147483647;
			files = (
			);
			runOnlyForDeploymentPostprocessing = 0;
		};
		D8EB086025B30E6600F906D1 /* Resources */ = {
			isa = PBXResourcesBuildPhase;
			buildActionMask = 2147483647;
			files = (
			);
			runOnlyForDeploymentPostprocessing = 0;
		};
/* End PBXResourcesBuildPhase section */

/* Begin PBXSourcesBuildPhase section */
		D8EB083D25B30E6100F906D1 /* Sources */ = {
			isa = PBXSourcesBuildPhase;
			buildActionMask = 2147483647;
			files = (
				D8EB088B25B3137C00F906D1 /* GoodPlaceCell.swift in Sources */,
				D8C2B15425B5BF9800BBFD39 /* HeaderLabel.swift in Sources */,
				D8EB087F25B3115B00F906D1 /* MainVC.swift in Sources */,
				D8EB084525B30E6100F906D1 /* AppDelegate.swift in Sources */,
				D8C2B15925B5C0F200BBFD39 /* SettingsCell.swift in Sources */,
				D86919B325B35FA900BF325E /* CustomImageView.swift in Sources */,
				D86919AD25B353FA00BF325E /* Place.swift in Sources */,
				D8C2B16625B5D36400BBFD39 /* AddPlaceController.swift in Sources */,
				D86919C425B3697200BF325E /* CustomBodyTitleLabel.swift in Sources */,
				D86919C925B36A9B00BF325E /* CustomSecondaryLabel.swift in Sources */,
				D8C2B14F25B59A4C00BBFD39 /* AddNewPlaceVC.swift in Sources */,
				D8EB089425B3181C00F906D1 /* AutoLayout.swift in Sources */,
				D86919BC25B3642800BF325E /* CustomTitleLabel.swift in Sources */,
				D8EB084725B30E6100F906D1 /* SceneDelegate.swift in Sources */,
			);
			runOnlyForDeploymentPostprocessing = 0;
		};
		D8EB085325B30E6600F906D1 /* Sources */ = {
			isa = PBXSourcesBuildPhase;
			buildActionMask = 2147483647;
			files = (
				D8EB085C25B30E6600F906D1 /* GoodPlacesTests.swift in Sources */,
			);
			runOnlyForDeploymentPostprocessing = 0;
		};
		D8EB085E25B30E6600F906D1 /* Sources */ = {
			isa = PBXSourcesBuildPhase;
			buildActionMask = 2147483647;
			files = (
				D8EB086725B30E6700F906D1 /* GoodPlacesUITests.swift in Sources */,
			);
			runOnlyForDeploymentPostprocessing = 0;
		};
/* End PBXSourcesBuildPhase section */

/* Begin PBXTargetDependency section */
		D8EB085925B30E6600F906D1 /* PBXTargetDependency */ = {
			isa = PBXTargetDependency;
			target = D8EB084025B30E6100F906D1 /* GoodPlaces */;
			targetProxy = D8EB085825B30E6600F906D1 /* PBXContainerItemProxy */;
		};
		D8EB086425B30E6700F906D1 /* PBXTargetDependency */ = {
			isa = PBXTargetDependency;
			target = D8EB084025B30E6100F906D1 /* GoodPlaces */;
			targetProxy = D8EB086325B30E6700F906D1 /* PBXContainerItemProxy */;
		};
/* End PBXTargetDependency section */

/* Begin PBXVariantGroup section */
		D8EB084F25B30E6600F906D1 /* LaunchScreen.storyboard */ = {
			isa = PBXVariantGroup;
			children = (
				D8EB085025B30E6600F906D1 /* Base */,
			);
			name = LaunchScreen.storyboard;
			sourceTree = "<group>";
		};
/* End PBXVariantGroup section */

/* Begin XCBuildConfiguration section */
		D8EB086925B30E6700F906D1 /* Debug */ = {
			isa = XCBuildConfiguration;
			buildSettings = {
				ALWAYS_SEARCH_USER_PATHS = NO;
				CLANG_ANALYZER_NONNULL = YES;
				CLANG_ANALYZER_NUMBER_OBJECT_CONVERSION = YES_AGGRESSIVE;
				CLANG_CXX_LANGUAGE_STANDARD = "gnu++14";
				CLANG_CXX_LIBRARY = "libc++";
				CLANG_ENABLE_MODULES = YES;
				CLANG_ENABLE_OBJC_ARC = YES;
				CLANG_ENABLE_OBJC_WEAK = YES;
				CLANG_WARN_BLOCK_CAPTURE_AUTORELEASING = YES;
				CLANG_WARN_BOOL_CONVERSION = YES;
				CLANG_WARN_COMMA = YES;
				CLANG_WARN_CONSTANT_CONVERSION = YES;
				CLANG_WARN_DEPRECATED_OBJC_IMPLEMENTATIONS = YES;
				CLANG_WARN_DIRECT_OBJC_ISA_USAGE = YES_ERROR;
				CLANG_WARN_DOCUMENTATION_COMMENTS = YES;
				CLANG_WARN_EMPTY_BODY = YES;
				CLANG_WARN_ENUM_CONVERSION = YES;
				CLANG_WARN_INFINITE_RECURSION = YES;
				CLANG_WARN_INT_CONVERSION = YES;
				CLANG_WARN_NON_LITERAL_NULL_CONVERSION = YES;
				CLANG_WARN_OBJC_IMPLICIT_RETAIN_SELF = YES;
				CLANG_WARN_OBJC_LITERAL_CONVERSION = YES;
				CLANG_WARN_OBJC_ROOT_CLASS = YES_ERROR;
				CLANG_WARN_QUOTED_INCLUDE_IN_FRAMEWORK_HEADER = YES;
				CLANG_WARN_RANGE_LOOP_ANALYSIS = YES;
				CLANG_WARN_STRICT_PROTOTYPES = YES;
				CLANG_WARN_SUSPICIOUS_MOVE = YES;
				CLANG_WARN_UNGUARDED_AVAILABILITY = YES_AGGRESSIVE;
				CLANG_WARN_UNREACHABLE_CODE = YES;
				CLANG_WARN__DUPLICATE_METHOD_MATCH = YES;
				COPY_PHASE_STRIP = NO;
				DEBUG_INFORMATION_FORMAT = dwarf;
				ENABLE_STRICT_OBJC_MSGSEND = YES;
				ENABLE_TESTABILITY = YES;
				GCC_C_LANGUAGE_STANDARD = gnu11;
				GCC_DYNAMIC_NO_PIC = NO;
				GCC_NO_COMMON_BLOCKS = YES;
				GCC_OPTIMIZATION_LEVEL = 0;
				GCC_PREPROCESSOR_DEFINITIONS = (
					"DEBUG=1",
					"$(inherited)",
				);
				GCC_WARN_64_TO_32_BIT_CONVERSION = YES;
				GCC_WARN_ABOUT_RETURN_TYPE = YES_ERROR;
				GCC_WARN_UNDECLARED_SELECTOR = YES;
				GCC_WARN_UNINITIALIZED_AUTOS = YES_AGGRESSIVE;
				GCC_WARN_UNUSED_FUNCTION = YES;
				GCC_WARN_UNUSED_VARIABLE = YES;
				IPHONEOS_DEPLOYMENT_TARGET = 14.0;
				MTL_ENABLE_DEBUG_INFO = INCLUDE_SOURCE;
				MTL_FAST_MATH = YES;
				ONLY_ACTIVE_ARCH = YES;
				SDKROOT = iphoneos;
				SWIFT_ACTIVE_COMPILATION_CONDITIONS = DEBUG;
				SWIFT_OPTIMIZATION_LEVEL = "-Onone";
			};
			name = Debug;
		};
		D8EB086A25B30E6700F906D1 /* Release */ = {
			isa = XCBuildConfiguration;
			buildSettings = {
				ALWAYS_SEARCH_USER_PATHS = NO;
				CLANG_ANALYZER_NONNULL = YES;
				CLANG_ANALYZER_NUMBER_OBJECT_CONVERSION = YES_AGGRESSIVE;
				CLANG_CXX_LANGUAGE_STANDARD = "gnu++14";
				CLANG_CXX_LIBRARY = "libc++";
				CLANG_ENABLE_MODULES = YES;
				CLANG_ENABLE_OBJC_ARC = YES;
				CLANG_ENABLE_OBJC_WEAK = YES;
				CLANG_WARN_BLOCK_CAPTURE_AUTORELEASING = YES;
				CLANG_WARN_BOOL_CONVERSION = YES;
				CLANG_WARN_COMMA = YES;
				CLANG_WARN_CONSTANT_CONVERSION = YES;
				CLANG_WARN_DEPRECATED_OBJC_IMPLEMENTATIONS = YES;
				CLANG_WARN_DIRECT_OBJC_ISA_USAGE = YES_ERROR;
				CLANG_WARN_DOCUMENTATION_COMMENTS = YES;
				CLANG_WARN_EMPTY_BODY = YES;
				CLANG_WARN_ENUM_CONVERSION = YES;
				CLANG_WARN_INFINITE_RECURSION = YES;
				CLANG_WARN_INT_CONVERSION = YES;
				CLANG_WARN_NON_LITERAL_NULL_CONVERSION = YES;
				CLANG_WARN_OBJC_IMPLICIT_RETAIN_SELF = YES;
				CLANG_WARN_OBJC_LITERAL_CONVERSION = YES;
				CLANG_WARN_OBJC_ROOT_CLASS = YES_ERROR;
				CLANG_WARN_QUOTED_INCLUDE_IN_FRAMEWORK_HEADER = YES;
				CLANG_WARN_RANGE_LOOP_ANALYSIS = YES;
				CLANG_WARN_STRICT_PROTOTYPES = YES;
				CLANG_WARN_SUSPICIOUS_MOVE = YES;
				CLANG_WARN_UNGUARDED_AVAILABILITY = YES_AGGRESSIVE;
				CLANG_WARN_UNREACHABLE_CODE = YES;
				CLANG_WARN__DUPLICATE_METHOD_MATCH = YES;
				COPY_PHASE_STRIP = NO;
				DEBUG_INFORMATION_FORMAT = "dwarf-with-dsym";
				ENABLE_NS_ASSERTIONS = NO;
				ENABLE_STRICT_OBJC_MSGSEND = YES;
				GCC_C_LANGUAGE_STANDARD = gnu11;
				GCC_NO_COMMON_BLOCKS = YES;
				GCC_WARN_64_TO_32_BIT_CONVERSION = YES;
				GCC_WARN_ABOUT_RETURN_TYPE = YES_ERROR;
				GCC_WARN_UNDECLARED_SELECTOR = YES;
				GCC_WARN_UNINITIALIZED_AUTOS = YES_AGGRESSIVE;
				GCC_WARN_UNUSED_FUNCTION = YES;
				GCC_WARN_UNUSED_VARIABLE = YES;
				IPHONEOS_DEPLOYMENT_TARGET = 14.0;
				MTL_ENABLE_DEBUG_INFO = NO;
				MTL_FAST_MATH = YES;
				SDKROOT = iphoneos;
				SWIFT_COMPILATION_MODE = wholemodule;
				SWIFT_OPTIMIZATION_LEVEL = "-O";
				VALIDATE_PRODUCT = YES;
			};
			name = Release;
		};
		D8EB086C25B30E6700F906D1 /* Debug */ = {
			isa = XCBuildConfiguration;
			buildSettings = {
				ASSETCATALOG_COMPILER_APPICON_NAME = AppIcon;
				ASSETCATALOG_COMPILER_GLOBAL_ACCENT_COLOR_NAME = AccentColor;
				CODE_SIGN_STYLE = Automatic;
				DEVELOPMENT_TEAM = 86F4TVSZ56;
				INFOPLIST_FILE = GoodPlaces/Info.plist;
				LD_RUNPATH_SEARCH_PATHS = (
					"$(inherited)",
					"@executable_path/Frameworks",
				);
				PRODUCT_BUNDLE_IDENTIFIER = Papushin.GoodPlaces;
				PRODUCT_NAME = "$(TARGET_NAME)";
				SWIFT_VERSION = 5.0;
				TARGETED_DEVICE_FAMILY = 1;
			};
			name = Debug;
		};
		D8EB086D25B30E6700F906D1 /* Release */ = {
			isa = XCBuildConfiguration;
			buildSettings = {
				ASSETCATALOG_COMPILER_APPICON_NAME = AppIcon;
				ASSETCATALOG_COMPILER_GLOBAL_ACCENT_COLOR_NAME = AccentColor;
				CODE_SIGN_STYLE = Automatic;
				DEVELOPMENT_TEAM = 86F4TVSZ56;
				INFOPLIST_FILE = GoodPlaces/Info.plist;
				LD_RUNPATH_SEARCH_PATHS = (
					"$(inherited)",
					"@executable_path/Frameworks",
				);
				PRODUCT_BUNDLE_IDENTIFIER = Papushin.GoodPlaces;
				PRODUCT_NAME = "$(TARGET_NAME)";
				SWIFT_VERSION = 5.0;
				TARGETED_DEVICE_FAMILY = 1;
			};
			name = Release;
		};
		D8EB086F25B30E6700F906D1 /* Debug */ = {
			isa = XCBuildConfiguration;
			buildSettings = {
				ALWAYS_EMBED_SWIFT_STANDARD_LIBRARIES = YES;
				BUNDLE_LOADER = "$(TEST_HOST)";
				CODE_SIGN_STYLE = Automatic;
				DEVELOPMENT_TEAM = 86F4TVSZ56;
				INFOPLIST_FILE = GoodPlacesTests/Info.plist;
				IPHONEOS_DEPLOYMENT_TARGET = 14.0;
				LD_RUNPATH_SEARCH_PATHS = (
					"$(inherited)",
					"@executable_path/Frameworks",
					"@loader_path/Frameworks",
				);
				PRODUCT_BUNDLE_IDENTIFIER = Papushin.GoodPlacesTests;
				PRODUCT_NAME = "$(TARGET_NAME)";
				SWIFT_VERSION = 5.0;
				TARGETED_DEVICE_FAMILY = "1,2";
				TEST_HOST = "$(BUILT_PRODUCTS_DIR)/GoodPlaces.app/GoodPlaces";
			};
			name = Debug;
		};
		D8EB087025B30E6700F906D1 /* Release */ = {
			isa = XCBuildConfiguration;
			buildSettings = {
				ALWAYS_EMBED_SWIFT_STANDARD_LIBRARIES = YES;
				BUNDLE_LOADER = "$(TEST_HOST)";
				CODE_SIGN_STYLE = Automatic;
				DEVELOPMENT_TEAM = 86F4TVSZ56;
				INFOPLIST_FILE = GoodPlacesTests/Info.plist;
				IPHONEOS_DEPLOYMENT_TARGET = 14.0;
				LD_RUNPATH_SEARCH_PATHS = (
					"$(inherited)",
					"@executable_path/Frameworks",
					"@loader_path/Frameworks",
				);
				PRODUCT_BUNDLE_IDENTIFIER = Papushin.GoodPlacesTests;
				PRODUCT_NAME = "$(TARGET_NAME)";
				SWIFT_VERSION = 5.0;
				TARGETED_DEVICE_FAMILY = "1,2";
				TEST_HOST = "$(BUILT_PRODUCTS_DIR)/GoodPlaces.app/GoodPlaces";
			};
			name = Release;
		};
		D8EB087225B30E6700F906D1 /* Debug */ = {
			isa = XCBuildConfiguration;
			buildSettings = {
				ALWAYS_EMBED_SWIFT_STANDARD_LIBRARIES = YES;
				CODE_SIGN_STYLE = Automatic;
				DEVELOPMENT_TEAM = 86F4TVSZ56;
				INFOPLIST_FILE = GoodPlacesUITests/Info.plist;
				LD_RUNPATH_SEARCH_PATHS = (
					"$(inherited)",
					"@executable_path/Frameworks",
					"@loader_path/Frameworks",
				);
				PRODUCT_BUNDLE_IDENTIFIER = Papushin.GoodPlacesUITests;
				PRODUCT_NAME = "$(TARGET_NAME)";
				SWIFT_VERSION = 5.0;
				TARGETED_DEVICE_FAMILY = "1,2";
				TEST_TARGET_NAME = GoodPlaces;
			};
			name = Debug;
		};
		D8EB087325B30E6700F906D1 /* Release */ = {
			isa = XCBuildConfiguration;
			buildSettings = {
				ALWAYS_EMBED_SWIFT_STANDARD_LIBRARIES = YES;
				CODE_SIGN_STYLE = Automatic;
				DEVELOPMENT_TEAM = 86F4TVSZ56;
				INFOPLIST_FILE = GoodPlacesUITests/Info.plist;
				LD_RUNPATH_SEARCH_PATHS = (
					"$(inherited)",
					"@executable_path/Frameworks",
					"@loader_path/Frameworks",
				);
				PRODUCT_BUNDLE_IDENTIFIER = Papushin.GoodPlacesUITests;
				PRODUCT_NAME = "$(TARGET_NAME)";
				SWIFT_VERSION = 5.0;
				TARGETED_DEVICE_FAMILY = "1,2";
				TEST_TARGET_NAME = GoodPlaces;
			};
			name = Release;
		};
/* End XCBuildConfiguration section */

/* Begin XCConfigurationList section */
		D8EB083C25B30E6100F906D1 /* Build configuration list for PBXProject "GoodPlaces" */ = {
			isa = XCConfigurationList;
			buildConfigurations = (
				D8EB086925B30E6700F906D1 /* Debug */,
				D8EB086A25B30E6700F906D1 /* Release */,
			);
			defaultConfigurationIsVisible = 0;
			defaultConfigurationName = Release;
		};
		D8EB086B25B30E6700F906D1 /* Build configuration list for PBXNativeTarget "GoodPlaces" */ = {
			isa = XCConfigurationList;
			buildConfigurations = (
				D8EB086C25B30E6700F906D1 /* Debug */,
				D8EB086D25B30E6700F906D1 /* Release */,
			);
			defaultConfigurationIsVisible = 0;
			defaultConfigurationName = Release;
		};
		D8EB086E25B30E6700F906D1 /* Build configuration list for PBXNativeTarget "GoodPlacesTests" */ = {
			isa = XCConfigurationList;
			buildConfigurations = (
				D8EB086F25B30E6700F906D1 /* Debug */,
				D8EB087025B30E6700F906D1 /* Release */,
			);
			defaultConfigurationIsVisible = 0;
			defaultConfigurationName = Release;
		};
		D8EB087125B30E6700F906D1 /* Build configuration list for PBXNativeTarget "GoodPlacesUITests" */ = {
			isa = XCConfigurationList;
			buildConfigurations = (
				D8EB087225B30E6700F906D1 /* Debug */,
				D8EB087325B30E6700F906D1 /* Release */,
			);
			defaultConfigurationIsVisible = 0;
			defaultConfigurationName = Release;
		};
/* End XCConfigurationList section */
	};
	rootObject = D8EB083925B30E6100F906D1 /* Project object */;
}
